// !$*UTF8*$!
{
	archiveVersion = 1;
	classes = {
	};
	objectVersion = 46;
	objects = {

/* Begin PBXBuildFile section */
		841D79EE1C9B2F6200A1437B /* UserInterface.swift in Sources */ = {isa = PBXBuildFile; fileRef = 841D79EA1C9B2F6200A1437B /* UserInterface.swift */; };
		841D79EF1C9B2F6200A1437B /* main.swift in Sources */ = {isa = PBXBuildFile; fileRef = 841D79EB1C9B2F6200A1437B /* main.swift */; };
		841D79F01C9B2F6200A1437B /* Search.swift in Sources */ = {isa = PBXBuildFile; fileRef = 841D79EC1C9B2F6200A1437B /* Search.swift */; };
		841D79F11C9B2F6200A1437B /* State.swift in Sources */ = {isa = PBXBuildFile; fileRef = 841D79ED1C9B2F6200A1437B /* State.swift */; };
/* End PBXBuildFile section */

/* Begin PBXCopyFilesBuildPhase section */
		840E003B1C9B049200A1437B /* CopyFiles */ = {
			isa = PBXCopyFilesBuildPhase;
			buildActionMask = 2147483647;
			dstPath = /usr/share/man/man1/;
			dstSubfolderSpec = 0;
			files = (
			);
			runOnlyForDeploymentPostprocessing = 1;
		};
/* End PBXCopyFilesBuildPhase section */

/* Begin PBXFileReference section */
		840E003D1C9B049200A1437B /* TikTakToe */ = {isa = PBXFileReference; explicitFileType = "compiled.mach-o.executable"; includeInIndex = 0; path = TikTakToe; sourceTree = BUILT_PRODUCTS_DIR; };
		841D79EA1C9B2F6200A1437B /* UserInterface.swift */ = {isa = PBXFileReference; fileEncoding = 4; lastKnownFileType = sourcecode.swift; name = UserInterface.swift; path = Source/TikTakToe/UserInterface.swift; sourceTree = SOURCE_ROOT; };
		841D79EB1C9B2F6200A1437B /* main.swift */ = {isa = PBXFileReference; fileEncoding = 4; lastKnownFileType = sourcecode.swift; name = main.swift; path = Source/TikTakToe/main.swift; sourceTree = SOURCE_ROOT; };
		841D79EC1C9B2F6200A1437B /* Search.swift */ = {isa = PBXFileReference; fileEncoding = 4; lastKnownFileType = sourcecode.swift; name = Search.swift; path = Source/TikTakToe/Search.swift; sourceTree = SOURCE_ROOT; };
		841D79ED1C9B2F6200A1437B /* State.swift */ = {isa = PBXFileReference; fileEncoding = 4; lastKnownFileType = sourcecode.swift; name = State.swift; path = Source/TikTakToe/State.swift; sourceTree = SOURCE_ROOT; };
/* End PBXFileReference section */

/* Begin PBXFrameworksBuildPhase section */
		840E003A1C9B049200A1437B /* Frameworks */ = {
			isa = PBXFrameworksBuildPhase;
			buildActionMask = 2147483647;
			files = (
			);
			runOnlyForDeploymentPostprocessing = 0;
		};
/* End PBXFrameworksBuildPhase section */

/* Begin PBXGroup section */
		840E00341C9B049200A1437B = {
			isa = PBXGroup;
			children = (
				840E003F1C9B049200A1437B /* TikTakToe */,
				840E003E1C9B049200A1437B /* Products */,
			);
			sourceTree = "<group>";
		};
		840E003E1C9B049200A1437B /* Products */ = {
			isa = PBXGroup;
			children = (
				840E003D1C9B049200A1437B /* TikTakToe */,
			);
			name = Products;
			sourceTree = "<group>";
		};
		840E003F1C9B049200A1437B /* TikTakToe */ = {
			isa = PBXGroup;
			children = (
				841D79EA1C9B2F6200A1437B /* UserInterface.swift */,
				841D79EB1C9B2F6200A1437B /* main.swift */,
				841D79EC1C9B2F6200A1437B /* Search.swift */,
				841D79ED1C9B2F6200A1437B /* State.swift */,
			);
			path = TikTakToe;
			sourceTree = "<group>";
		};
/* End PBXGroup section */

/* Begin PBXNativeTarget section */
		840E003C1C9B049200A1437B /* TikTakToe */ = {
			isa = PBXNativeTarget;
			buildConfigurationList = 840E00441C9B049200A1437B /* Build configuration list for PBXNativeTarget "TikTakToe" */;
			buildPhases = (
				840E00391C9B049200A1437B /* Sources */,
				840E003A1C9B049200A1437B /* Frameworks */,
				840E003B1C9B049200A1437B /* CopyFiles */,
			);
			buildRules = (
			);
			dependencies = (
			);
			name = TikTakToe;
			productName = TikTakToe;
			productReference = 840E003D1C9B049200A1437B /* TikTakToe */;
			productType = "com.apple.product-type.tool";
		};
/* End PBXNativeTarget section */

/* Begin PBXProject section */
		840E00351C9B049200A1437B /* Project object */ = {
			isa = PBXProject;
			attributes = {
				LastSwiftUpdateCheck = 0730;
				LastUpgradeCheck = 0730;
				ORGANIZATIONNAME = FCUP;
				TargetAttributes = {
					840E003C1C9B049200A1437B = {
						CreatedOnToolsVersion = 7.3;
					};
				};
			};
			buildConfigurationList = 840E00381C9B049200A1437B /* Build configuration list for PBXProject "TikTakToe" */;
			compatibilityVersion = "Xcode 3.2";
			developmentRegion = English;
			hasScannedForEncodings = 0;
			knownRegions = (
				en,
			);
			mainGroup = 840E00341C9B049200A1437B;
			productRefGroup = 840E003E1C9B049200A1437B /* Products */;
			projectDirPath = "";
			projectRoot = "";
			targets = (
				840E003C1C9B049200A1437B /* TikTakToe */,
			);
		};
/* End PBXProject section */

/* Begin PBXSourcesBuildPhase section */
		840E00391C9B049200A1437B /* Sources */ = {
			isa = PBXSourcesBuildPhase;
			buildActionMask = 2147483647;
			files = (
				841D79F01C9B2F6200A1437B /* Search.swift in Sources */,
				841D79EF1C9B2F6200A1437B /* main.swift in Sources */,
				841D79EE1C9B2F6200A1437B /* UserInterface.swift in Sources */,
				841D79F11C9B2F6200A1437B /* State.swift in Sources */,
			);
			runOnlyForDeploymentPostprocessing = 0;
		};
/* End PBXSourcesBuildPhase section */

/* Begin XCBuildConfiguration section */
		840E00421C9B049200A1437B /* Debug */ = {
			isa = XCBuildConfiguration;
			buildSettings = {
				ALWAYS_SEARCH_USER_PATHS = NO;
				CLANG_ANALYZER_NONNULL = YES;
				CLANG_CXX_LANGUAGE_STANDARD = "gnu++0x";
				CLANG_CXX_LIBRARY = "libc++";
				CLANG_ENABLE_MODULES = YES;
				CLANG_ENABLE_OBJC_ARC = YES;
				CLANG_WARN_BOOL_CONVERSION = YES;
				CLANG_WARN_CONSTANT_CONVERSION = YES;
				CLANG_WARN_DIRECT_OBJC_ISA_USAGE = YES_ERROR;
				CLANG_WARN_EMPTY_BODY = YES;
				CLANG_WARN_ENUM_CONVERSION = YES;
				CLANG_WARN_INT_CONVERSION = YES;
				CLANG_WARN_OBJC_ROOT_CLASS = YES_ERROR;
				CLANG_WARN_UNREACHABLE_CODE = YES;
				CLANG_WARN__DUPLICATE_METHOD_MATCH = YES;
				CODE_SIGN_IDENTITY = "-";
				COPY_PHASE_STRIP = NO;
				DEBUG_INFORMATION_FORMAT = dwarf;
				ENABLE_STRICT_OBJC_MSGSEND = YES;
				ENABLE_TESTABILITY = YES;
				GCC_C_LANGUAGE_STANDARD = gnu99;
				GCC_DYNAMIC_NO_PIC = NO;
				GCC_NO_COMMON_BLOCKS = YES;
				GCC_OPTIMIZATION_LEVEL = 0;
				GCC_PREPROCESSOR_DEFINITIONS = (
					"DEBUG=1",
					"$(inherited)",
				);
				GCC_WARN_64_TO_32_BIT_CONVERSION = YES;
				GCC_WARN_ABOUT_RETURN_TYPE = YES_ERROR;
				GCC_WARN_UNDECLARED_SELECTOR = YES;
				GCC_WARN_UNINITIALIZED_AUTOS = YES_AGGRESSIVE;
				GCC_WARN_UNUSED_FUNCTION = YES;
				GCC_WARN_UNUSED_VARIABLE = YES;
				MACOSX_DEPLOYMENT_TARGET = 10.11;
				MTL_ENABLE_DEBUG_INFO = YES;
				ONLY_ACTIVE_ARCH = YES;
				SDKROOT = macosx;
				SWIFT_OPTIMIZATION_LEVEL = "-Onone";
			};
			name = Debug;
		};
		840E00431C9B049200A1437B /* Release */ = {
			isa = XCBuildConfiguration;
			buildSettings = {
				ALWAYS_SEARCH_USER_PATHS = NO;
				CLANG_ANALYZER_NONNULL = YES;
				CLANG_CXX_LANGUAGE_STANDARD = "gnu++0x";
				CLANG_CXX_LIBRARY = "libc++";
				CLANG_ENABLE_MODULES = YES;
				CLANG_ENABLE_OBJC_ARC = YES;
				CLANG_WARN_BOOL_CONVERSION = YES;
				CLANG_WARN_CONSTANT_CONVERSION = YES;
				CLANG_WARN_DIRECT_OBJC_ISA_USAGE = YES_ERROR;
				CLANG_WARN_EMPTY_BODY = YES;
				CLANG_WARN_ENUM_CONVERSION = YES;
				CLANG_WARN_INT_CONVERSION = YES;
				CLANG_WARN_OBJC_ROOT_CLASS = YES_ERROR;
				CLANG_WARN_UNREACHABLE_CODE = YES;
				CLANG_WARN__DUPLICATE_METHOD_MATCH = YES;
				CODE_SIGN_IDENTITY = "-";
				COPY_PHASE_STRIP = NO;
				DEBUG_INFORMATION_FORMAT = "dwarf-with-dsym";
				ENABLE_NS_ASSERTIONS = NO;
				ENABLE_STRICT_OBJC_MSGSEND = YES;
				GCC_C_LANGUAGE_STANDARD = gnu99;
				GCC_NO_COMMON_BLOCKS = YES;
				GCC_WARN_64_TO_32_BIT_CONVERSION = YES;
				GCC_WARN_ABOUT_RETURN_TYPE = YES_ERROR;
				GCC_WARN_UNDECLARED_SELECTOR = YES;
				GCC_WARN_UNINITIALIZED_AUTOS = YES_AGGRESSIVE;
				GCC_WARN_UNUSED_FUNCTION = YES;
				GCC_WARN_UNUSED_VARIABLE = YES;
				MACOSX_DEPLOYMENT_TARGET = 10.11;
				MTL_ENABLE_DEBUG_INFO = NO;
				SDKROOT = macosx;
			};
			name = Release;
		};
		840E00451C9B049200A1437B /* Debug */ = {
			isa = XCBuildConfiguration;
			buildSettings = {
				CLANG_ENABLE_MODULES = YES;
				LD_RUNPATH_SEARCH_PATHS = "$(inherited) @executable_path/../Frameworks @loader_path/../Frameworks";
				PRODUCT_NAME = "$(TARGET_NAME)";
				SWIFT_OPTIMIZATION_LEVEL = "-Onone";
			};
			name = Debug;
		};
		840E00461C9B049200A1437B /* Release */ = {
			isa = XCBuildConfiguration;
			buildSettings = {
				CLANG_ENABLE_MODULES = YES;
				LD_RUNPATH_SEARCH_PATHS = "$(inherited) @executable_path/../Frameworks @loader_path/../Frameworks";
				PRODUCT_NAME = "$(TARGET_NAME)";
			};
			name = Release;
		};
/* End XCBuildConfiguration section */

/* Begin XCConfigurationList section */
		840E00381C9B049200A1437B /* Build configuration list for PBXProject "TikTakToe" */ = {
			isa = XCConfigurationList;
			buildConfigurations = (
				840E00421C9B049200A1437B /* Debug */,
				840E00431C9B049200A1437B /* Release */,
			);
			defaultConfigurationIsVisible = 0;
			defaultConfigurationName = Release;
		};
		840E00441C9B049200A1437B /* Build configuration list for PBXNativeTarget "TikTakToe" */ = {
			isa = XCConfigurationList;
			buildConfigurations = (
				840E00451C9B049200A1437B /* Debug */,
				840E00461C9B049200A1437B /* Release */,
			);
			defaultConfigurationIsVisible = 0;
			defaultConfigurationName = Release;
		};
/* End XCConfigurationList section */
	};
	rootObject = 840E00351C9B049200A1437B /* Project object */;
}
